
Microsoft Visual Studio Solution File, Format Version 12.00
# Visual Studio 15
VisualStudioVersion = 15.0.27703.2047
MinimumVisualStudioVersion = 10.0.40219.1
Project("{FAE04EC0-301F-11D3-BF4B-00C04F79EFBC}") = "MVCDevOps", "MVCDevOps.csproj", "{4DE0F712-8D9F-4872-BF0A-B5A4B7A93416}"
EndProject
Global
	GlobalSection(SolutionConfigurationPlatforms) = preSolution
		Debug|Any CPU = Debug|Any CPU
		Release|Any CPU = Release|Any CPU
	EndGlobalSection
	GlobalSection(ProjectConfigurationPlatforms) = postSolution
		{4DE0F712-8D9F-4872-BF0A-B5A4B7A93416}.Debug|Any CPU.ActiveCfg = Debug|Any CPU
		{4DE0F712-8D9F-4872-BF0A-B5A4B7A93416}.Debug|Any CPU.Build.0 = Debug|Any CPU
		{4DE0F712-8D9F-4872-BF0A-B5A4B7A93416}.Release|Any CPU.ActiveCfg = Release|Any CPU
		{4DE0F712-8D9F-4872-BF0A-B5A4B7A93416}.Release|Any CPU.Build.0 = Release|Any CPU
	EndGlobalSection
	GlobalSection(SolutionProperties) = preSolution
		HideSolutionNode = FALSE
	EndGlobalSection
	GlobalSection(ExtensibilityGlobals) = postSolution
		SolutionGuid = {C39A157F-ABA1-406B-A07F-877C465BAEED}
	EndGlobalSection
EndGlobal
